Microsoft Visual Studio Solution File, Format Version 12.00
# Visual Studio Version 17
VisualStudioVersion = 17.5.2.0
MinimumVisualStudioVersion = 10.0.40219.1
Project("{FAE04EC0-301F-11D3-BF4B-00C04F79EFBC}") = "OutloudOS.Receiver", "OutloudOS.Receiver.csproj", "{89904D15-85DA-521F-4746-FBE9F9A406B1}"
EndProject
Global
	GlobalSection(SolutionConfigurationPlatforms) = preSolution
		Debug|Any CPU = Debug|Any CPU
		Release|Any CPU = Release|Any CPU
	EndGlobalSection
	GlobalSection(ProjectConfigurationPlatforms) = postSolution
		{89904D15-85DA-521F-4746-FBE9F9A406B1}.Debug|Any CPU.ActiveCfg = Debug|Any CPU
		{89904D15-85DA-521F-4746-FBE9F9A406B1}.Debug|Any CPU.Build.0 = Debug|Any CPU
		{89904D15-85DA-521F-4746-FBE9F9A406B1}.Release|Any CPU.ActiveCfg = Release|Any CPU
		{89904D15-85DA-521F-4746-FBE9F9A406B1}.Release|Any CPU.Build.0 = Release|Any CPU
	EndGlobalSection
	GlobalSection(SolutionProperties) = preSolution
		HideSolutionNode = FALSE
	EndGlobalSection
	GlobalSection(ExtensibilityGlobals) = postSolution
		SolutionGuid = {2BB901C4-4C3A-4151-848E-50E964CEA30B}
	EndGlobalSection
EndGlobal
